
Microsoft Visual Studio Solution File, Format Version 12.00
# Visual Studio Version 17
VisualStudioVersion = 17.12.35521.163
MinimumVisualStudioVersion = 10.0.40219.1
Project("{8BC9CEB8-8B4A-11D0-8D11-00A0C91BC942}") = "Target", "Target\Target.vcxproj", "{4949B655-EACD-4F41-9159-1B831C5680FA}"
EndProject
Project("{8BC9CEB8-8B4A-11D0-8D11-00A0C91BC942}") = "Simple Anti-Tamper", "Simple Anti-Tamper\Simple Anti-Tamper.vcxproj", "{6EE6D706-2EB5-40FC-8ADF-D67FF1A7448F}"
EndProject
Global
	GlobalSection(SolutionConfigurationPlatforms) = preSolution
		Debug|x64 = Debug|x64
		Debug|x86 = Debug|x86
		Release|x64 = Release|x64
		Release|x86 = Release|x86
	EndGlobalSection
	GlobalSection(ProjectConfigurationPlatforms) = postSolution
		{4949B655-EACD-4F41-9159-1B831C5680FA}.Debug|x64.ActiveCfg = Debug|x64
		{4949B655-EACD-4F41-9159-1B831C5680FA}.Debug|x64.Build.0 = Debug|x64
		{4949B655-EACD-4F41-9159-1B831C5680FA}.Debug|x86.ActiveCfg = Debug|Win32
		{4949B655-EACD-4F41-9159-1B831C5680FA}.Debug|x86.Build.0 = Debug|Win32
		{4949B655-EACD-4F41-9159-1B831C5680FA}.Release|x64.ActiveCfg = Release|x64
		{4949B655-EACD-4F41-9159-1B831C5680FA}.Release|x64.Build.0 = Release|x64
		{4949B655-EACD-4F41-9159-1B831C5680FA}.Release|x86.ActiveCfg = Release|Win32
		{4949B655-EACD-4F41-9159-1B831C5680FA}.Release|x86.Build.0 = Release|Win32
		{6EE6D706-2EB5-40FC-8ADF-D67FF1A7448F}.Debug|x64.ActiveCfg = Debug|x64
		{6EE6D706-2EB5-40FC-8ADF-D67FF1A7448F}.Debug|x64.Build.0 = Debug|x64
		{6EE6D706-2EB5-40FC-8ADF-D67FF1A7448F}.Debug|x86.ActiveCfg = Debug|Win32
		{6EE6D706-2EB5-40FC-8ADF-D67FF1A7448F}.Debug|x86.Build.0 = Debug|Win32
		{6EE6D706-2EB5-40FC-8ADF-D67FF1A7448F}.Release|x64.ActiveCfg = Release|x64
		{6EE6D706-2EB5-40FC-8ADF-D67FF1A7448F}.Release|x64.Build.0 = Release|x64
		{6EE6D706-2EB5-40FC-8ADF-D67FF1A7448F}.Release|x86.ActiveCfg = Release|Win32
		{6EE6D706-2EB5-40FC-8ADF-D67FF1A7448F}.Release|x86.Build.0 = Release|Win32
	EndGlobalSection
	GlobalSection(SolutionProperties) = preSolution
		HideSolutionNode = FALSE
	EndGlobalSection
EndGlobal
